{
  "name": "wechat-fast-calculator-server",
  "version": "1.0.0",
  "lockfileVersion": 3,
  "requires": true,
  "packages": {
    "": {
      "name": "wechat-fast-calculator-server",
      "version": "1.0.0",
      "dependencies": {
        "@hono/node-server": "^1",
        "dotenv": "^16",
        "hono": "^4",
        "longport": "^3"
      }
    },
    "node_modules/@hono/node-server": {
      "version": "1.19.11",
      "resolved": "https://registry.npmjs.org/@hono/node-server/-/node-server-1.19.11.tgz",
      "integrity": "sha512-dr8/3zEaB+p0D2n/IUrlPF1HZm586qgJNXK1a9fhg/PzdtkK7Ksd5l312tJX2yBuALqDYBlG20QEbayqPyxn+g==",
      "license": "MIT",
      "engines": {
        "node": ">=18.14.1"
      },
      "peerDependencies": {
        "hono": "^4"
      }
    },
    "node_modules/dotenv": {
      "version": "16.6.1",
      "resolved": "https://registry.npmjs.org/dotenv/-/dotenv-16.6.1.tgz",
      "integrity": "sha512-uBq4egWHTcTt33a72vpSG0z3HnPuIl6NqYcTrKEg2azoEyl2hpW0zqlxysq2pK9HlDIHyHyakeYaYnSAwd8bow==",
      "license": "BSD-2-Clause",
      "engines": {
        "node": ">=12"
      },
      "funding": {
        "url": "https://dotenvx.com"
      }
    },
    "node_modules/hono": {
      "version": "4.12.9",
      "resolved": "https://registry.npmjs.org/hono/-/hono-4.12.9.tgz",
      "integrity": "sha512-wy3T8Zm2bsEvxKZM5w21VdHDDcwVS1yUFFY6i8UobSsKfFceT7TOwhbhfKsDyx7tYQlmRM5FLpIuYvNFyjctiA==",
      "license": "MIT",
      "engines": {
        "node": ">=16.9.0"
      }
    },
    "node_modules/longport": {
      "version": "3.0.23",
      "resolved": "https://registry.npmjs.org/longport/-/longport-3.0.23.tgz",
      "integrity": "sha512-kvBnasMEiVKCiM11YtQpYe2gVYJzxb9tnvCbhPWI5J4FHPFW/J+SPOnohtgK6+MZHhCAN7jQdHaPsYOFZdOI9w==",
      "license": "MIT OR Apache-2.0",
      "engines": {
        "node": ">= 10"
      },
      "optionalDependencies": {
        "longport-darwin-arm64": "3.0.23",
        "longport-darwin-x64": "3.0.23",
        "longport-linux-arm64-gnu": "3.0.23",
        "longport-linux-x64-gnu": "3.0.23",
        "longport-linux-x64-musl": "3.0.23",
        "longport-win32-x64-msvc": "3.0.23"
      }
    },
    "node_modules/longport-darwin-arm64": {
      "version": "3.0.23",
      "resolved": "https://registry.npmjs.org/longport-darwin-arm64/-/longport-darwin-arm64-3.0.23.tgz",
      "integrity": "sha512-Jw26+XL7nvmxJ0qvoMyVw15ls4kNEolZYn8HqGrqnmKUUcivX4k3sSgjIZ1X3aE01nL+w2uSH9QEESLjLtq7QQ==",
      "cpu": [
        "arm64"
      ],
      "license": "MIT",
      "optional": true,
      "os": [
        "darwin"
      ],
      "engines": {
        "node": ">= 10"
      }
    },
    "node_modules/longport-darwin-x64": {
      "version": "3.0.23",
      "resolved": "https://registry.npmjs.org/longport-darwin-x64/-/longport-darwin-x64-3.0.23.tgz",
      "integrity": "sha512-5d02Yfnm64vcz9IQcinLOGg/hZkTSvz2ugLvlA0rbJe3NLdPyXrWWhF4lUcoA5m1fg357EM96veNPcxMI1RLZw==",
      "cpu": [
        "x64"
      ],
      "license": "MIT",
      "optional": true,
      "os": [
        "darwin"
      ],
      "engines": {
        "node": ">= 10"
      }
    },
    "node_modules/longport-linux-arm64-gnu": {
      "version": "3.0.23",
      "resolved": "https://registry.npmjs.org/longport-linux-arm64-gnu/-/longport-linux-arm64-gnu-3.0.23.tgz",
      "integrity": "sha512-BwfMZshIl5ADfMitaLswYmuca04B2Cq5FLbOoUJB48kZPE0CHOIN15AOJH6p+J2j0EIllmBUEuc08VsHd7RC0w==",
      "cpu": [
        "arm64"
      ],
      "license": "MIT",
      "optional": true,
      "os": [
        "linux"
      ],
      "engines": {
        "node": ">= 10"
      }
    },
    "node_modules/longport-linux-x64-gnu": {
      "version": "3.0.23",
      "resolved": "https://registry.npmjs.org/longport-linux-x64-gnu/-/longport-linux-x64-gnu-3.0.23.tgz",
      "integrity": "sha512-aGcv29C5AnoWZeOAbPIf4ZLp3Vb74fXCsqWErzfDQ4uJcYBLoiKoMW1DhWKHyOQmF4HWqRtNdspLkcSW8ukJFw==",
      "cpu": [
        "x64"
      ],
      "license": "MIT",
      "optional": true,
      "os": [
        "linux"
      ],
      "engines": {
        "node": ">= 10"
      }
    },
    "node_modules/longport-win32-x64-msvc": {
      "version": "3.0.23",
      "resolved": "https://registry.npmjs.org/longport-win32-x64-msvc/-/longport-win32-x64-msvc-3.0.23.tgz",
      "integrity": "sha512-Ew2Aar0aikFJ5NncS/AGs/O8Nu6CyN/1sTyIlU3LHSPu/7aUuCiZSaQAN34934PUbkg5mnioE2BPtEbMueT8dQ==",
      "cpu": [
        "x64"
      ],
      "license": "MIT",
      "optional": true,
      "os": [
        "win32"
      ],
      "engines": {
        "node": ">= 10"
      }
    }
  }
}
